
Microsoft Visual Studio Solution File, Format Version 12.00
# Visual Studio 14
VisualStudioVersion = 14.0.25420.1
MinimumVisualStudioVersion = 10.0.40219.1
Project("{FAE04EC0-301F-11D3-BF4B-00C04F79EFBC}") = "View", "View\View.csproj", "{66DDA549-5571-44CF-8966-3F86FB9629B7}"
EndProject
Project("{FAE04EC0-301F-11D3-BF4B-00C04F79EFBC}") = "Models", "Models\Models.csproj", "{07E1853D-C271-486A-AA99-B4C7F2A74535}"
EndProject
Project("{FAE04EC0-301F-11D3-BF4B-00C04F79EFBC}") = "Controllers", "Controllers\Controllers.csproj", "{55BBB1F5-ABAC-432B-A2E1-1793A0E62E32}"
EndProject
Global
	GlobalSection(SolutionConfigurationPlatforms) = preSolution
		Debug|Any CPU = Debug|Any CPU
		Release|Any CPU = Release|Any CPU
	EndGlobalSection
	GlobalSection(ProjectConfigurationPlatforms) = postSolution
		{66DDA549-5571-44CF-8966-3F86FB9629B7}.Debug|Any CPU.ActiveCfg = Debug|Any CPU
		{66DDA549-5571-44CF-8966-3F86FB9629B7}.Debug|Any CPU.Build.0 = Debug|Any CPU
		{66DDA549-5571-44CF-8966-3F86FB9629B7}.Release|Any CPU.ActiveCfg = Release|Any CPU
		{66DDA549-5571-44CF-8966-3F86FB9629B7}.Release|Any CPU.Build.0 = Release|Any CPU
		{07E1853D-C271-486A-AA99-B4C7F2A74535}.Debug|Any CPU.ActiveCfg = Debug|Any CPU
		{07E1853D-C271-486A-AA99-B4C7F2A74535}.Debug|Any CPU.Build.0 = Debug|Any CPU
		{07E1853D-C271-486A-AA99-B4C7F2A74535}.Release|Any CPU.ActiveCfg = Release|Any CPU
		{07E1853D-C271-486A-AA99-B4C7F2A74535}.Release|Any CPU.Build.0 = Release|Any CPU
		{55BBB1F5-ABAC-432B-A2E1-1793A0E62E32}.Debug|Any CPU.ActiveCfg = Debug|Any CPU
		{55BBB1F5-ABAC-432B-A2E1-1793A0E62E32}.Debug|Any CPU.Build.0 = Debug|Any CPU
		{55BBB1F5-ABAC-432B-A2E1-1793A0E62E32}.Release|Any CPU.ActiveCfg = Release|Any CPU
		{55BBB1F5-ABAC-432B-A2E1-1793A0E62E32}.Release|Any CPU.Build.0 = Release|Any CPU
	EndGlobalSection
	GlobalSection(SolutionProperties) = preSolution
		HideSolutionNode = FALSE
	EndGlobalSection
EndGlobal
